{
  "version": 4,
  "terraform_version": "0.13.5",
  "serial": 448,
  "lineage": "9e414df4-6799-6dac-d63e-d2093ea52d47",
  "outputs": {
    "site-ids": {
      "value": [
        [
          "21675967"
        ],
        [
          "76640312"
        ],
        [
          "28382109"
        ],
        [
          "16689269"
        ]
      ],
      "type": [
        "tuple",
        [
          [
            "tuple",
            [
              "string"
            ]
          ],
          [
            "tuple",
            [
              "string"
            ]
          ],
          [
            "tuple",
            [
              "string"
            ]
          ],
          [
            "tuple",
            [
              "string"
            ]
          ]
        ]
      ]
    }
  },
  "resources": [
    {
      "mode": "managed",
      "type": "incapsula_incap_rule",
      "name": "test",
      "provider": "provider[\"registry.terraform.io/imperva/incapsula\"]",
      "instances": [
        {
          "schema_version": 0,
          "attributes": {
            "action": "RULE_ACTION_RESPONSE_REWRITE_HEADER",
            "add_missing": true,
            "dc_id": 0,
            "error_response_data": "",
            "error_response_format": "",
            "error_type": "",
            "filter": "",
            "from": "",
            "id": "1348109",
            "name": "NEL_Header",
            "rate_context": "",
            "rate_interval": 0,
            "response_code": 0,
            "rewrite_name": "NEL",
            "site_id": "66070722",
            "to": "{\"report_to\": \"default\", \"max_age\": 3600, \"include_subdomains\": true,\"success_fraction\": 0.01, \"failure_fraction\": 1.0}"
          },
          "private": "eyJzY2hlbWFfdmVyc2lvbiI6IjAifQ=="
        }
      ]
    },
    {
      "module": "module.associate_policies[\"0\"]",
      "mode": "managed",
      "type": "incapsula_policy_asset_association",
      "name": "policy-asset-association",
      "provider": "provider[\"registry.terraform.io/imperva/incapsula\"]",
      "instances": [
        {
          "schema_version": 0,
          "attributes": {
            "asset_id": "21675967",
            "asset_type": "WEBSITE",
            "id": "382388-21675967-WEBSITE",
            "policy_id": "382388"
          },
          "private": "bnVsbA==",
          "dependencies": [
            "module.policies.incapsula_policy.embargo_nation_block",
            "module.sites.incapsula_site.default"
          ]
        }
      ]
    },
    {
      "module": "module.associate_policies[\"1\"]",
      "mode": "managed",
      "type": "incapsula_policy_asset_association",
      "name": "policy-asset-association",
      "provider": "provider[\"registry.terraform.io/imperva/incapsula\"]",
      "instances": [
        {
          "schema_version": 0,
          "attributes": {
            "asset_id": "76640312",
            "asset_type": "WEBSITE",
            "id": "382388-76640312-WEBSITE",
            "policy_id": "382388"
          },
          "private": "bnVsbA==",
          "dependencies": [
            "module.policies.incapsula_policy.embargo_nation_block",
            "module.sites.incapsula_site.default"
          ]
        }
      ]
    },
    {
      "module": "module.associate_policies[\"2\"]",
      "mode": "managed",
      "type": "incapsula_policy_asset_association",
      "name": "policy-asset-association",
      "provider": "provider[\"registry.terraform.io/imperva/incapsula\"]",
      "instances": [
        {
          "schema_version": 0,
          "attributes": {
            "asset_id": "28382109",
            "asset_type": "WEBSITE",
            "id": "382388-28382109-WEBSITE",
            "policy_id": "382388"
          },
          "private": "bnVsbA==",
          "dependencies": [
            "module.policies.incapsula_policy.embargo_nation_block",
            "module.sites.incapsula_site.default"
          ]
        }
      ]
    },
    {
      "module": "module.associate_policies[\"3\"]",
      "mode": "managed",
      "type": "incapsula_policy_asset_association",
      "name": "policy-asset-association",
      "provider": "provider[\"registry.terraform.io/imperva/incapsula\"]",
      "instances": [
        {
          "schema_version": 0,
          "attributes": {
            "asset_id": "16689269",
            "asset_type": "WEBSITE",
            "id": "382388-16689269-WEBSITE",
            "policy_id": "382388"
          },
          "private": "bnVsbA==",
          "dependencies": [
            "module.policies.incapsula_policy.embargo_nation_block",
            "module.sites.incapsula_site.default"
          ]
        }
      ]
    },
    {
      "module": "module.dynamic_associate_policies[\"0\"]",
      "mode": "managed",
      "type": "incapsula_policy_asset_association",
      "name": "policy-asset-association",
      "provider": "provider[\"registry.terraform.io/imperva/incapsula\"]",
      "instances": [
        {
          "schema_version": 0,
          "attributes": {
            "asset_id": "21675967",
            "asset_type": "WEBSITE",
            "id": "382390-21675967-WEBSITE",
            "policy_id": "382390"
          },
          "private": "bnVsbA==",
          "dependencies": [
            "module.policies.incapsula_policy.dynamic_country_block",
            "module.sites.incapsula_site.default"
          ]
        }
      ]
    },
    {
      "module": "module.dynamic_associate_policies[\"1\"]",
      "mode": "managed",
      "type": "incapsula_policy_asset_association",
      "name": "policy-asset-association",
      "provider": "provider[\"registry.terraform.io/imperva/incapsula\"]",
      "instances": [
        {
          "schema_version": 0,
          "attributes": {
            "asset_id": "76640312",
            "asset_type": "WEBSITE",
            "id": "382390-76640312-WEBSITE",
            "policy_id": "382390"
          },
          "private": "bnVsbA==",
          "dependencies": [
            "module.policies.incapsula_policy.dynamic_country_block",
            "module.sites.incapsula_site.default"
          ]
        }
      ]
    },
    {
      "module": "module.dynamic_associate_policies[\"2\"]",
      "mode": "managed",
      "type": "incapsula_policy_asset_association",
      "name": "policy-asset-association",
      "provider": "provider[\"registry.terraform.io/imperva/incapsula\"]",
      "instances": [
        {
          "schema_version": 0,
          "attributes": {
            "asset_id": "28382109",
            "asset_type": "WEBSITE",
            "id": "382390-28382109-WEBSITE",
            "policy_id": "382390"
          },
          "private": "bnVsbA==",
          "dependencies": [
            "module.policies.incapsula_policy.dynamic_country_block",
            "module.sites.incapsula_site.default"
          ]
        }
      ]
    },
    {
      "module": "module.dynamic_associate_policies[\"3\"]",
      "mode": "managed",
      "type": "incapsula_policy_asset_association",
      "name": "policy-asset-association",
      "provider": "provider[\"registry.terraform.io/imperva/incapsula\"]",
      "instances": [
        {
          "schema_version": 0,
          "attributes": {
            "asset_id": "16689269",
            "asset_type": "WEBSITE",
            "id": "382390-16689269-WEBSITE",
            "policy_id": "382390"
          },
          "private": "bnVsbA==",
          "dependencies": [
            "module.policies.incapsula_policy.dynamic_country_block",
            "module.sites.incapsula_site.default"
          ]
        }
      ]
    },
    {
      "module": "module.policies",
      "mode": "managed",
      "type": "incapsula_policy",
      "name": "dynamic_country_block",
      "provider": "provider[\"registry.terraform.io/imperva/incapsula\"]",
      "instances": [
        {
          "schema_version": 0,
          "attributes": {
            "account_id": 2398,
            "description": "Block a list of countries based on attack.",
            "enabled": true,
            "id": "382390",
            "name": "Dynamic Country Blocks",
            "policy_settings": "[{\"data\":{\"geo\":{\"countries\":[\"CA\",\"JP\",\"JM\"]}},\"policySettingType\":\"GEO\",\"settingsAction\":\"BLOCK\"}]",
            "policy_type": "ACL"
          },
          "private": "bnVsbA=="
        }
      ]
    },
    {
      "module": "module.policies",
      "mode": "managed",
      "type": "incapsula_policy",
      "name": "embargo_nation_block",
      "provider": "provider[\"registry.terraform.io/imperva/incapsula\"]",
      "instances": [
        {
          "schema_version": 0,
          "attributes": {
            "account_id": 2398,
            "description": "Block embargoed countries from accessing sites.",
            "enabled": true,
            "id": "382388",
            "name": "Embargoed Nations",
            "policy_settings": "[\n    {\n        \"settingsAction\": \"BLOCK\",\n        \"policySettingType\": \"GEO\",\n        \"data\": {\n            \"geo\": {\n                \"countries\": [\n                    \"CU\",\n                    \"IR\",\n                    \"KR\",\n                    \"SD\",\n                    \"SY\",\n                    \"RU\"\n                ]\n            }\n        }\n    }\n]",
            "policy_type": "ACL"
          },
          "private": "bnVsbA=="
        }
      ]
    },
    {
      "module": "module.security_rules[\"0\"]",
      "mode": "managed",
      "type": "incapsula_waf_security_rule",
      "name": "waf-backdoor-rule",
      "provider": "provider[\"registry.terraform.io/imperva/incapsula\"]",
      "instances": [
        {
          "schema_version": 0,
          "attributes": {
            "activation_mode": null,
            "block_bad_bots": null,
            "challenge_suspected_bots": null,
            "ddos_traffic_threshold": null,
            "id": "api.threats.backdoor",
            "rule_id": "api.threats.backdoor",
            "security_rule_action": "api.threats.action.quarantine_url",
            "site_id": 21675967
          },
          "private": "bnVsbA==",
          "dependencies": [
            "module.sites.incapsula_site.default"
          ]
        }
      ]
    },
    {
      "module": "module.security_rules[\"0\"]",
      "mode": "managed",
      "type": "incapsula_waf_security_rule",
      "name": "waf-bot-access-control-rule",
      "provider": "provider[\"registry.terraform.io/imperva/incapsula\"]",
      "instances": [
        {
          "schema_version": 0,
          "attributes": {
            "activation_mode": null,
            "block_bad_bots": "true",
            "challenge_suspected_bots": "true",
            "ddos_traffic_threshold": null,
            "id": "api.threats.bot_access_control",
            "rule_id": "api.threats.bot_access_control",
            "security_rule_action": null,
            "site_id": 21675967
          },
          "private": "bnVsbA==",
          "dependencies": [
            "module.sites.incapsula_site.default"
          ]
        }
      ]
    },
    {
      "module": "module.security_rules[\"0\"]",
      "mode": "managed",
      "type": "incapsula_waf_security_rule",
      "name": "waf-cross-site-scripting-rule",
      "provider": "provider[\"registry.terraform.io/imperva/incapsula\"]",
      "instances": [
        {
          "schema_version": 0,
          "attributes": {
            "activation_mode": null,
            "block_bad_bots": null,
            "challenge_suspected_bots": null,
            "ddos_traffic_threshold": null,
            "id": "api.threats.cross_site_scripting",
            "rule_id": "api.threats.cross_site_scripting",
            "security_rule_action": "api.threats.action.block_ip",
            "site_id": 21675967
          },
          "private": "bnVsbA==",
          "dependencies": [
            "module.sites.incapsula_site.default"
          ]
        }
      ]
    },
    {
      "module": "module.security_rules[\"0\"]",
      "mode": "managed",
      "type": "incapsula_waf_security_rule",
      "name": "waf-ddos-rule",
      "provider": "provider[\"registry.terraform.io/imperva/incapsula\"]",
      "instances": [
        {
          "schema_version": 0,
          "attributes": {
            "activation_mode": "api.threats.ddos.activation_mode.on",
            "block_bad_bots": null,
            "challenge_suspected_bots": null,
            "ddos_traffic_threshold": "5000",
            "id": "api.threats.ddos",
            "rule_id": "api.threats.ddos",
            "security_rule_action": null,
            "site_id": 21675967
          },
          "private": "bnVsbA==",
          "dependencies": [
            "module.sites.incapsula_site.default"
          ]
        }
      ]
    },
    {
      "module": "module.security_rules[\"0\"]",
      "mode": "managed",
      "type": "incapsula_waf_security_rule",
      "name": "waf-illegal-resource-rule",
      "provider": "provider[\"registry.terraform.io/imperva/incapsula\"]",
      "instances": [
        {
          "schema_version": 0,
          "attributes": {
            "activation_mode": null,
            "block_bad_bots": null,
            "challenge_suspected_bots": null,
            "ddos_traffic_threshold": null,
            "id": "api.threats.illegal_resource_access",
            "rule_id": "api.threats.illegal_resource_access",
            "security_rule_action": "api.threats.action.block_ip",
            "site_id": 21675967
          },
          "private": "bnVsbA==",
          "dependencies": [
            "module.sites.incapsula_site.default"
          ]
        }
      ]
    },
    {
      "module": "module.security_rules[\"0\"]",
      "mode": "managed",
      "type": "incapsula_waf_security_rule",
      "name": "waf-remote-file-inclusion-rule",
      "provider": "provider[\"registry.terraform.io/imperva/incapsula\"]",
      "instances": [
        {
          "schema_version": 0,
          "attributes": {
            "activation_mode": null,
            "block_bad_bots": null,
            "challenge_suspected_bots": null,
            "ddos_traffic_threshold": null,
            "id": "api.threats.remote_file_inclusion",
            "rule_id": "api.threats.remote_file_inclusion",
            "security_rule_action": "api.threats.action.block_ip",
            "site_id": 21675967
          },
          "private": "bnVsbA==",
          "dependencies": [
            "module.sites.incapsula_site.default"
          ]
        }
      ]
    },
    {
      "module": "module.security_rules[\"0\"]",
      "mode": "managed",
      "type": "incapsula_waf_security_rule",
      "name": "waf-sql-injection-rule",
      "provider": "provider[\"registry.terraform.io/imperva/incapsula\"]",
      "instances": [
        {
          "schema_version": 0,
          "attributes": {
            "activation_mode": null,
            "block_bad_bots": null,
            "challenge_suspected_bots": null,
            "ddos_traffic_threshold": null,
            "id": "api.threats.sql_injection",
            "rule_id": "api.threats.sql_injection",
            "security_rule_action": "api.threats.action.block_ip",
            "site_id": 21675967
          },
          "private": "bnVsbA==",
          "dependencies": [
            "module.sites.incapsula_site.default"
          ]
        }
      ]
    },
    {
      "module": "module.security_rules[\"1\"]",
      "mode": "managed",
      "type": "incapsula_waf_security_rule",
      "name": "waf-backdoor-rule",
      "provider": "provider[\"registry.terraform.io/imperva/incapsula\"]",
      "instances": [
        {
          "schema_version": 0,
          "attributes": {
            "activation_mode": null,
            "block_bad_bots": null,
            "challenge_suspected_bots": null,
            "ddos_traffic_threshold": null,
            "id": "api.threats.backdoor",
            "rule_id": "api.threats.backdoor",
            "security_rule_action": "api.threats.action.quarantine_url",
            "site_id": 76640312
          },
          "private": "bnVsbA==",
          "dependencies": [
            "module.sites.incapsula_site.default"
          ]
        }
      ]
    },
    {
      "module": "module.security_rules[\"1\"]",
      "mode": "managed",
      "type": "incapsula_waf_security_rule",
      "name": "waf-bot-access-control-rule",
      "provider": "provider[\"registry.terraform.io/imperva/incapsula\"]",
      "instances": [
        {
          "schema_version": 0,
          "attributes": {
            "activation_mode": null,
            "block_bad_bots": "true",
            "challenge_suspected_bots": "true",
            "ddos_traffic_threshold": null,
            "id": "api.threats.bot_access_control",
            "rule_id": "api.threats.bot_access_control",
            "security_rule_action": null,
            "site_id": 76640312
          },
          "private": "bnVsbA==",
          "dependencies": [
            "module.sites.incapsula_site.default"
          ]
        }
      ]
    },
    {
      "module": "module.security_rules[\"1\"]",
      "mode": "managed",
      "type": "incapsula_waf_security_rule",
      "name": "waf-cross-site-scripting-rule",
      "provider": "provider[\"registry.terraform.io/imperva/incapsula\"]",
      "instances": [
        {
          "schema_version": 0,
          "attributes": {
            "activation_mode": null,
            "block_bad_bots": null,
            "challenge_suspected_bots": null,
            "ddos_traffic_threshold": null,
            "id": "api.threats.cross_site_scripting",
            "rule_id": "api.threats.cross_site_scripting",
            "security_rule_action": "api.threats.action.block_ip",
            "site_id": 76640312
          },
          "private": "bnVsbA==",
          "dependencies": [
            "module.sites.incapsula_site.default"
          ]
        }
      ]
    },
    {
      "module": "module.security_rules[\"1\"]",
      "mode": "managed",
      "type": "incapsula_waf_security_rule",
      "name": "waf-ddos-rule",
      "provider": "provider[\"registry.terraform.io/imperva/incapsula\"]",
      "instances": [
        {
          "schema_version": 0,
          "attributes": {
            "activation_mode": "api.threats.ddos.activation_mode.on",
            "block_bad_bots": null,
            "challenge_suspected_bots": null,
            "ddos_traffic_threshold": "5000",
            "id": "api.threats.ddos",
            "rule_id": "api.threats.ddos",
            "security_rule_action": null,
            "site_id": 76640312
          },
          "private": "bnVsbA==",
          "dependencies": [
            "module.sites.incapsula_site.default"
          ]
        }
      ]
    },
    {
      "module": "module.security_rules[\"1\"]",
      "mode": "managed",
      "type": "incapsula_waf_security_rule",
      "name": "waf-illegal-resource-rule",
      "provider": "provider[\"registry.terraform.io/imperva/incapsula\"]",
      "instances": [
        {
          "schema_version": 0,
          "attributes": {
            "activation_mode": null,
            "block_bad_bots": null,
            "challenge_suspected_bots": null,
            "ddos_traffic_threshold": null,
            "id": "api.threats.illegal_resource_access",
            "rule_id": "api.threats.illegal_resource_access",
            "security_rule_action": "api.threats.action.block_ip",
            "site_id": 76640312
          },
          "private": "bnVsbA==",
          "dependencies": [
            "module.sites.incapsula_site.default"
          ]
        }
      ]
    },
    {
      "module": "module.security_rules[\"1\"]",
      "mode": "managed",
      "type": "incapsula_waf_security_rule",
      "name": "waf-remote-file-inclusion-rule",
      "provider": "provider[\"registry.terraform.io/imperva/incapsula\"]",
      "instances": [
        {
          "schema_version": 0,
          "attributes": {
            "activation_mode": null,
            "block_bad_bots": null,
            "challenge_suspected_bots": null,
            "ddos_traffic_threshold": null,
            "id": "api.threats.remote_file_inclusion",
            "rule_id": "api.threats.remote_file_inclusion",
            "security_rule_action": "api.threats.action.block_ip",
            "site_id": 76640312
          },
          "private": "bnVsbA==",
          "dependencies": [
            "module.sites.incapsula_site.default"
          ]
        }
      ]
    },
    {
      "module": "module.security_rules[\"1\"]",
      "mode": "managed",
      "type": "incapsula_waf_security_rule",
      "name": "waf-sql-injection-rule",
      "provider": "provider[\"registry.terraform.io/imperva/incapsula\"]",
      "instances": [
        {
          "schema_version": 0,
          "attributes": {
            "activation_mode": null,
            "block_bad_bots": null,
            "challenge_suspected_bots": null,
            "ddos_traffic_threshold": null,
            "id": "api.threats.sql_injection",
            "rule_id": "api.threats.sql_injection",
            "security_rule_action": "api.threats.action.block_ip",
            "site_id": 76640312
          },
          "private": "bnVsbA==",
          "dependencies": [
            "module.sites.incapsula_site.default"
          ]
        }
      ]
    },
    {
      "module": "module.security_rules[\"2\"]",
      "mode": "managed",
      "type": "incapsula_waf_security_rule",
      "name": "waf-backdoor-rule",
      "provider": "provider[\"registry.terraform.io/imperva/incapsula\"]",
      "instances": [
        {
          "schema_version": 0,
          "attributes": {
            "activation_mode": null,
            "block_bad_bots": null,
            "challenge_suspected_bots": null,
            "ddos_traffic_threshold": null,
            "id": "api.threats.backdoor",
            "rule_id": "api.threats.backdoor",
            "security_rule_action": "api.threats.action.quarantine_url",
            "site_id": 28382109
          },
          "private": "bnVsbA==",
          "dependencies": [
            "module.sites.incapsula_site.default"
          ]
        }
      ]
    },
    {
      "module": "module.security_rules[\"2\"]",
      "mode": "managed",
      "type": "incapsula_waf_security_rule",
      "name": "waf-bot-access-control-rule",
      "provider": "provider[\"registry.terraform.io/imperva/incapsula\"]",
      "instances": [
        {
          "schema_version": 0,
          "attributes": {
            "activation_mode": null,
            "block_bad_bots": "true",
            "challenge_suspected_bots": "true",
            "ddos_traffic_threshold": null,
            "id": "api.threats.bot_access_control",
            "rule_id": "api.threats.bot_access_control",
            "security_rule_action": null,
            "site_id": 28382109
          },
          "private": "bnVsbA==",
          "dependencies": [
            "module.sites.incapsula_site.default"
          ]
        }
      ]
    },
    {
      "module": "module.security_rules[\"2\"]",
      "mode": "managed",
      "type": "incapsula_waf_security_rule",
      "name": "waf-cross-site-scripting-rule",
      "provider": "provider[\"registry.terraform.io/imperva/incapsula\"]",
      "instances": [
        {
          "schema_version": 0,
          "attributes": {
            "activation_mode": null,
            "block_bad_bots": null,
            "challenge_suspected_bots": null,
            "ddos_traffic_threshold": null,
            "id": "api.threats.cross_site_scripting",
            "rule_id": "api.threats.cross_site_scripting",
            "security_rule_action": "api.threats.action.block_ip",
            "site_id": 28382109
          },
          "private": "bnVsbA==",
          "dependencies": [
            "module.sites.incapsula_site.default"
          ]
        }
      ]
    },
    {
      "module": "module.security_rules[\"2\"]",
      "mode": "managed",
      "type": "incapsula_waf_security_rule",
      "name": "waf-ddos-rule",
      "provider": "provider[\"registry.terraform.io/imperva/incapsula\"]",
      "instances": [
        {
          "schema_version": 0,
          "attributes": {
            "activation_mode": "api.threats.ddos.activation_mode.on",
            "block_bad_bots": null,
            "challenge_suspected_bots": null,
            "ddos_traffic_threshold": "5000",
            "id": "api.threats.ddos",
            "rule_id": "api.threats.ddos",
            "security_rule_action": null,
            "site_id": 28382109
          },
          "private": "bnVsbA==",
          "dependencies": [
            "module.sites.incapsula_site.default"
          ]
        }
      ]
    },
    {
      "module": "module.security_rules[\"2\"]",
      "mode": "managed",
      "type": "incapsula_waf_security_rule",
      "name": "waf-illegal-resource-rule",
      "provider": "provider[\"registry.terraform.io/imperva/incapsula\"]",
      "instances": [
        {
          "schema_version": 0,
          "attributes": {
            "activation_mode": null,
            "block_bad_bots": null,
            "challenge_suspected_bots": null,
            "ddos_traffic_threshold": null,
            "id": "api.threats.illegal_resource_access",
            "rule_id": "api.threats.illegal_resource_access",
            "security_rule_action": "api.threats.action.block_ip",
            "site_id": 28382109
          },
          "private": "bnVsbA==",
          "dependencies": [
            "module.sites.incapsula_site.default"
          ]
        }
      ]
    },
    {
      "module": "module.security_rules[\"2\"]",
      "mode": "managed",
      "type": "incapsula_waf_security_rule",
      "name": "waf-remote-file-inclusion-rule",
      "provider": "provider[\"registry.terraform.io/imperva/incapsula\"]",
      "instances": [
        {
          "schema_version": 0,
          "attributes": {
            "activation_mode": null,
            "block_bad_bots": null,
            "challenge_suspected_bots": null,
            "ddos_traffic_threshold": null,
            "id": "api.threats.remote_file_inclusion",
            "rule_id": "api.threats.remote_file_inclusion",
            "security_rule_action": "api.threats.action.block_ip",
            "site_id": 28382109
          },
          "private": "bnVsbA==",
          "dependencies": [
            "module.sites.incapsula_site.default"
          ]
        }
      ]
    },
    {
      "module": "module.security_rules[\"2\"]",
      "mode": "managed",
      "type": "incapsula_waf_security_rule",
      "name": "waf-sql-injection-rule",
      "provider": "provider[\"registry.terraform.io/imperva/incapsula\"]",
      "instances": [
        {
          "schema_version": 0,
          "attributes": {
            "activation_mode": null,
            "block_bad_bots": null,
            "challenge_suspected_bots": null,
            "ddos_traffic_threshold": null,
            "id": "api.threats.sql_injection",
            "rule_id": "api.threats.sql_injection",
            "security_rule_action": "api.threats.action.block_ip",
            "site_id": 28382109
          },
          "private": "bnVsbA==",
          "dependencies": [
            "module.sites.incapsula_site.default"
          ]
        }
      ]
    },
    {
      "module": "module.security_rules[\"3\"]",
      "mode": "managed",
      "type": "incapsula_waf_security_rule",
      "name": "waf-backdoor-rule",
      "provider": "provider[\"registry.terraform.io/imperva/incapsula\"]",
      "instances": [
        {
          "schema_version": 0,
          "attributes": {
            "activation_mode": null,
            "block_bad_bots": null,
            "challenge_suspected_bots": null,
            "ddos_traffic_threshold": null,
            "id": "api.threats.backdoor",
            "rule_id": "api.threats.backdoor",
            "security_rule_action": "api.threats.action.quarantine_url",
            "site_id": 16689269
          },
          "private": "bnVsbA==",
          "dependencies": [
            "module.sites.incapsula_site.default"
          ]
        }
      ]
    },
    {
      "module": "module.security_rules[\"3\"]",
      "mode": "managed",
      "type": "incapsula_waf_security_rule",
      "name": "waf-bot-access-control-rule",
      "provider": "provider[\"registry.terraform.io/imperva/incapsula\"]",
      "instances": [
        {
          "schema_version": 0,
          "attributes": {
            "activation_mode": null,
            "block_bad_bots": "true",
            "challenge_suspected_bots": "true",
            "ddos_traffic_threshold": null,
            "id": "api.threats.bot_access_control",
            "rule_id": "api.threats.bot_access_control",
            "security_rule_action": null,
            "site_id": 16689269
          },
          "private": "bnVsbA==",
          "dependencies": [
            "module.sites.incapsula_site.default"
          ]
        }
      ]
    },
    {
      "module": "module.security_rules[\"3\"]",
      "mode": "managed",
      "type": "incapsula_waf_security_rule",
      "name": "waf-cross-site-scripting-rule",
      "provider": "provider[\"registry.terraform.io/imperva/incapsula\"]",
      "instances": [
        {
          "schema_version": 0,
          "attributes": {
            "activation_mode": null,
            "block_bad_bots": null,
            "challenge_suspected_bots": null,
            "ddos_traffic_threshold": null,
            "id": "api.threats.cross_site_scripting",
            "rule_id": "api.threats.cross_site_scripting",
            "security_rule_action": "api.threats.action.block_ip",
            "site_id": 16689269
          },
          "private": "bnVsbA==",
          "dependencies": [
            "module.sites.incapsula_site.default"
          ]
        }
      ]
    },
    {
      "module": "module.security_rules[\"3\"]",
      "mode": "managed",
      "type": "incapsula_waf_security_rule",
      "name": "waf-ddos-rule",
      "provider": "provider[\"registry.terraform.io/imperva/incapsula\"]",
      "instances": [
        {
          "schema_version": 0,
          "attributes": {
            "activation_mode": "api.threats.ddos.activation_mode.on",
            "block_bad_bots": null,
            "challenge_suspected_bots": null,
            "ddos_traffic_threshold": "5000",
            "id": "api.threats.ddos",
            "rule_id": "api.threats.ddos",
            "security_rule_action": null,
            "site_id": 16689269
          },
          "private": "bnVsbA==",
          "dependencies": [
            "module.sites.incapsula_site.default"
          ]
        }
      ]
    },
    {
      "module": "module.security_rules[\"3\"]",
      "mode": "managed",
      "type": "incapsula_waf_security_rule",
      "name": "waf-illegal-resource-rule",
      "provider": "provider[\"registry.terraform.io/imperva/incapsula\"]",
      "instances": [
        {
          "schema_version": 0,
          "attributes": {
            "activation_mode": null,
            "block_bad_bots": null,
            "challenge_suspected_bots": null,
            "ddos_traffic_threshold": null,
            "id": "api.threats.illegal_resource_access",
            "rule_id": "api.threats.illegal_resource_access",
            "security_rule_action": "api.threats.action.block_ip",
            "site_id": 16689269
          },
          "private": "bnVsbA==",
          "dependencies": [
            "module.sites.incapsula_site.default"
          ]
        }
      ]
    },
    {
      "module": "module.security_rules[\"3\"]",
      "mode": "managed",
      "type": "incapsula_waf_security_rule",
      "name": "waf-remote-file-inclusion-rule",
      "provider": "provider[\"registry.terraform.io/imperva/incapsula\"]",
      "instances": [
        {
          "schema_version": 0,
          "attributes": {
            "activation_mode": null,
            "block_bad_bots": null,
            "challenge_suspected_bots": null,
            "ddos_traffic_threshold": null,
            "id": "api.threats.remote_file_inclusion",
            "rule_id": "api.threats.remote_file_inclusion",
            "security_rule_action": "api.threats.action.block_ip",
            "site_id": 16689269
          },
          "private": "bnVsbA==",
          "dependencies": [
            "module.sites.incapsula_site.default"
          ]
        }
      ]
    },
    {
      "module": "module.security_rules[\"3\"]",
      "mode": "managed",
      "type": "incapsula_waf_security_rule",
      "name": "waf-sql-injection-rule",
      "provider": "provider[\"registry.terraform.io/imperva/incapsula\"]",
      "instances": [
        {
          "schema_version": 0,
          "attributes": {
            "activation_mode": null,
            "block_bad_bots": null,
            "challenge_suspected_bots": null,
            "ddos_traffic_threshold": null,
            "id": "api.threats.sql_injection",
            "rule_id": "api.threats.sql_injection",
            "security_rule_action": "api.threats.action.block_ip",
            "site_id": 16689269
          },
          "private": "bnVsbA==",
          "dependencies": [
            "module.sites.incapsula_site.default"
          ]
        }
      ]
    },
    {
      "module": "module.sites[\"0\"]",
      "mode": "managed",
      "type": "incapsula_site",
      "name": "default",
      "provider": "provider[\"registry.terraform.io/imperva/incapsula\"]",
      "instances": [
        {
          "schema_version": 0,
          "attributes": {
            "acceleration_level": "",
            "account_id": 2398,
            "active": "active",
            "approver": "",
            "data_storage_region": "US",
            "dns_a_record_name": null,
            "dns_a_record_value": [],
            "dns_cname_record_name": "amplify1.pint.center",
            "dns_cname_record_value": "t922vk5.impervadns.net",
            "domain": "amplify1.pint.center",
            "domain_redirect_to_full": "true",
            "domain_validation": "dns",
            "domain_verification": "globalsign-domain-verification=F10EC1F723CFA016E1D6587445E69D44",
            "force_ssl": "true",
            "hash_salt": "",
            "hashing_enabled": false,
            "id": "21675967",
            "ignore_ssl": "true",
            "log_level": "",
            "logs_account_id": null,
            "perf_client_comply_no_cache": false,
            "perf_client_enable_client_side_caching": true,
            "perf_client_send_age_header": false,
            "perf_key_comply_vary": false,
            "perf_key_unite_naked_full_cache": false,
            "perf_mode_https": "dont_include_html",
            "perf_mode_level": "smart",
            "perf_mode_time": 300,
            "perf_response_cache_300x": false,
            "perf_response_cache_404_enabled": false,
            "perf_response_cache_404_time": 0,
            "perf_response_cache_empty_responses": false,
            "perf_response_cache_http_10_responses": false,
            "perf_response_cache_response_header_mode": "custom",
            "perf_response_cache_response_headers": [],
            "perf_response_cache_shield": true,
            "perf_response_stale_content_mode": "adaptive",
            "perf_response_stale_content_time": 0,
            "perf_response_tag_response_header": "",
            "perf_ttl_prefer_last_modified": false,
            "perf_ttl_use_shortest_caching": false,
            "ref_id": null,
            "remove_ssl": "false",
            "seal_location": null,
            "send_site_setup_emails": "true",
            "site_creation_date": 1612593233000,
            "site_ip": "ac250baf15b8444feb27d47ca075f0f5-1105938788.us-east-2.elb.amazonaws.com"
          },
          "private": "bnVsbA=="
        }
      ]
    },
    {
      "module": "module.sites[\"1\"]",
      "mode": "managed",
      "type": "incapsula_site",
      "name": "default",
      "provider": "provider[\"registry.terraform.io/imperva/incapsula\"]",
      "instances": [
        {
          "schema_version": 0,
          "attributes": {
            "acceleration_level": "",
            "account_id": 2398,
            "active": "active",
            "approver": "",
            "data_storage_region": "US",
            "dns_a_record_name": null,
            "dns_a_record_value": [],
            "dns_cname_record_name": "amplify2.pint.center",
            "dns_cname_record_value": "ubgtsct.impervadns.net",
            "domain": "amplify2.pint.center",
            "domain_redirect_to_full": "true",
            "domain_validation": "dns",
            "domain_verification": "globalsign-domain-verification=F10EC1F723CFA016E1D6587445E69D44",
            "force_ssl": "true",
            "hash_salt": "",
            "hashing_enabled": false,
            "id": "76640312",
            "ignore_ssl": "true",
            "log_level": "",
            "logs_account_id": null,
            "perf_client_comply_no_cache": false,
            "perf_client_enable_client_side_caching": true,
            "perf_client_send_age_header": false,
            "perf_key_comply_vary": false,
            "perf_key_unite_naked_full_cache": false,
            "perf_mode_https": "dont_include_html",
            "perf_mode_level": "smart",
            "perf_mode_time": 300,
            "perf_response_cache_300x": false,
            "perf_response_cache_404_enabled": false,
            "perf_response_cache_404_time": 0,
            "perf_response_cache_empty_responses": false,
            "perf_response_cache_http_10_responses": false,
            "perf_response_cache_response_header_mode": "custom",
            "perf_response_cache_response_headers": [],
            "perf_response_cache_shield": true,
            "perf_response_stale_content_mode": "adaptive",
            "perf_response_stale_content_time": 0,
            "perf_response_tag_response_header": "",
            "perf_ttl_prefer_last_modified": false,
            "perf_ttl_use_shortest_caching": false,
            "ref_id": null,
            "remove_ssl": "false",
            "seal_location": null,
            "send_site_setup_emails": "true",
            "site_creation_date": 1612593197000,
            "site_ip": "ac250baf15b8444feb27d47ca075f0f5-1105938788.us-east-2.elb.amazonaws.com"
          },
          "private": "bnVsbA=="
        }
      ]
    },
    {
      "module": "module.sites[\"2\"]",
      "mode": "managed",
      "type": "incapsula_site",
      "name": "default",
      "provider": "provider[\"registry.terraform.io/imperva/incapsula\"]",
      "instances": [
        {
          "schema_version": 0,
          "attributes": {
            "acceleration_level": "",
            "account_id": 2398,
            "active": "active",
            "approver": "",
            "data_storage_region": "US",
            "dns_a_record_name": null,
            "dns_a_record_value": [],
            "dns_cname_record_name": "amplify3.pint.center",
            "dns_cname_record_value": "xfdouhr.impervadns.net",
            "domain": "amplify3.pint.center",
            "domain_redirect_to_full": "true",
            "domain_validation": "dns",
            "domain_verification": "globalsign-domain-verification=F10EC1F723CFA016E1D6587445E69D44",
            "force_ssl": "true",
            "hash_salt": "",
            "hashing_enabled": false,
            "id": "28382109",
            "ignore_ssl": "true",
            "log_level": "",
            "logs_account_id": null,
            "perf_client_comply_no_cache": false,
            "perf_client_enable_client_side_caching": true,
            "perf_client_send_age_header": false,
            "perf_key_comply_vary": false,
            "perf_key_unite_naked_full_cache": false,
            "perf_mode_https": "dont_include_html",
            "perf_mode_level": "smart",
            "perf_mode_time": 300,
            "perf_response_cache_300x": false,
            "perf_response_cache_404_enabled": false,
            "perf_response_cache_404_time": 0,
            "perf_response_cache_empty_responses": false,
            "perf_response_cache_http_10_responses": false,
            "perf_response_cache_response_header_mode": "custom",
            "perf_response_cache_response_headers": [],
            "perf_response_cache_shield": true,
            "perf_response_stale_content_mode": "adaptive",
            "perf_response_stale_content_time": 0,
            "perf_response_tag_response_header": "",
            "perf_ttl_prefer_last_modified": false,
            "perf_ttl_use_shortest_caching": false,
            "ref_id": null,
            "remove_ssl": "false",
            "seal_location": null,
            "send_site_setup_emails": "true",
            "site_creation_date": 1612593215000,
            "site_ip": "ac250baf15b8444feb27d47ca075f0f5-1105938788.us-east-2.elb.amazonaws.com"
          },
          "private": "bnVsbA=="
        }
      ]
    },
    {
      "module": "module.sites[\"3\"]",
      "mode": "managed",
      "type": "incapsula_site",
      "name": "default",
      "provider": "provider[\"registry.terraform.io/imperva/incapsula\"]",
      "instances": [
        {
          "schema_version": 0,
          "attributes": {
            "acceleration_level": "",
            "account_id": 2398,
            "active": "active",
            "approver": "",
            "data_storage_region": "US",
            "dns_a_record_name": null,
            "dns_a_record_value": [],
            "dns_cname_record_name": "amplify4.pint.center",
            "dns_cname_record_value": "wdb2f66.impervadns.net",
            "domain": "amplify4.pint.center",
            "domain_redirect_to_full": "true",
            "domain_validation": "dns",
            "domain_verification": "globalsign-domain-verification=F10EC1F723CFA016E1D6587445E69D44",
            "force_ssl": "true",
            "hash_salt": "",
            "hashing_enabled": false,
            "id": "16689269",
            "ignore_ssl": "true",
            "log_level": "",
            "logs_account_id": null,
            "perf_client_comply_no_cache": false,
            "perf_client_enable_client_side_caching": true,
            "perf_client_send_age_header": false,
            "perf_key_comply_vary": false,
            "perf_key_unite_naked_full_cache": false,
            "perf_mode_https": "dont_include_html",
            "perf_mode_level": "smart",
            "perf_mode_time": 300,
            "perf_response_cache_300x": false,
            "perf_response_cache_404_enabled": false,
            "perf_response_cache_404_time": 0,
            "perf_response_cache_empty_responses": false,
            "perf_response_cache_http_10_responses": false,
            "perf_response_cache_response_header_mode": "custom",
            "perf_response_cache_response_headers": [],
            "perf_response_cache_shield": true,
            "perf_response_stale_content_mode": "adaptive",
            "perf_response_stale_content_time": 0,
            "perf_response_tag_response_header": "",
            "perf_ttl_prefer_last_modified": false,
            "perf_ttl_use_shortest_caching": false,
            "ref_id": null,
            "remove_ssl": "false",
            "seal_location": null,
            "send_site_setup_emails": "true",
            "site_creation_date": 1612593250000,
            "site_ip": "ac250baf15b8444feb27d47ca075f0f5-1105938788.us-east-2.elb.amazonaws.com"
          },
          "private": "bnVsbA=="
        }
      ]
    }
  ]
}
